schema: '2.0'
stages:
  preprocess:
    cmd: python training/modeling/preprocess.py
    deps:
    - path: data/raw/a1_RestaurantReviews_HistoricDump.tsv
      hash: md5
      md5: 30c12a08032bd9157e54bf37897c42b0
      size: 55585
    - path: training/modeling/preprocess.py
      hash: md5
      md5: 988c0443b1fd2ce68b5d9e0818f5a1af
      size: 1286
    outs:
    - path: data/processed/corpus.pkl
      hash: md5
      md5: 11e25628625d4498b902efbd45cd5eed
      size: 62936
    - path: models/bow/BoW_Sentiment_Model.pkl
      hash: md5
      md5: 6d8c19a9617bf5223f73ac54b428a0f7
      size: 39518
  transform:
    cmd: python training/modeling/transform.py
    deps:
    - path: data/processed/corpus.pkl
      hash: md5
      md5: 11e25628625d4498b902efbd45cd5eed
      size: 62936
    - path: data/raw/a1_RestaurantReviews_HistoricDump.tsv
      hash: md5
      md5: 30c12a08032bd9157e54bf37897c42b0
      size: 55585
    - path: training/modeling/transform.py
      hash: md5
      md5: 53221a7ec14ecb4ba6db9b5eb6c5f582
      size: 1543
    outs:
    - path: data/processed/features.csv
      hash: md5
      md5: a75b0102efcd645ec8a5d406f721fe07
      size: 2565067
    - path: data/processed/labels.csv
      hash: md5
      md5: c9e14684e08e876427e05ae7b274695e
      size: 1802
  split:
    cmd: python training/modeling/split.py
    deps:
    - path: data/processed/features.csv
      hash: md5
      md5: a75b0102efcd645ec8a5d406f721fe07
      size: 2565067
    - path: data/processed/labels.csv
      hash: md5
      md5: c9e14684e08e876427e05ae7b274695e
      size: 1802
    - path: training/modeling/split.py
      hash: md5
      md5: 48832e6be9e3b6989cbc10b30d4c84d5
      size: 1120
    outs:
    - path: data/processed/splits
      hash: md5
      md5: bbc939c833f6a0db0715c9e953bde040.dir
      size: 2569784
      nfiles: 4
  train:
    cmd: python training/modeling/model_train.py
    deps:
    - path: data/processed/splits
      hash: md5
      md5: bbc939c833f6a0db0715c9e953bde040.dir
      size: 2569784
      nfiles: 4
    - path: training/modeling/model_train.py
      hash: md5
      md5: 727520bec738e4da82a8d0c5e8155a92
      size: 1872
    outs:
    - path: models/SentimentModel.pkl
      hash: md5
      md5: 5264fe1487a4dcfc77fce5fe92e91bff
      size: 46215
    - path: models/metrics.json
      hash: md5
      md5: b525a9405a74fabba105afae9be067f8
      size: 245
